
Microsoft Visual Studio Solution File, Format Version 12.00
# Visual Studio Version 17
VisualStudioVersion = 17.7.34024.191
MinimumVisualStudioVersion = 10.0.40219.1
Project("{FAE04EC0-301F-11D3-BF4B-00C04F79EFBC}") = "Week14OOP", "Week14OOP\Week14OOP.csproj", "{974DDEDF-4FBB-424D-8754-6FC83E1EB4F9}"
EndProject
Global
	GlobalSection(SolutionConfigurationPlatforms) = preSolution
		Debug|Any CPU = Debug|Any CPU
		Release|Any CPU = Release|Any CPU
	EndGlobalSection
	GlobalSection(ProjectConfigurationPlatforms) = postSolution
		{974DDEDF-4FBB-424D-8754-6FC83E1EB4F9}.Debug|Any CPU.ActiveCfg = Debug|Any CPU
		{974DDEDF-4FBB-424D-8754-6FC83E1EB4F9}.Debug|Any CPU.Build.0 = Debug|Any CPU
		{974DDEDF-4FBB-424D-8754-6FC83E1EB4F9}.Release|Any CPU.ActiveCfg = Release|Any CPU
		{974DDEDF-4FBB-424D-8754-6FC83E1EB4F9}.Release|Any CPU.Build.0 = Release|Any CPU
	EndGlobalSection
	GlobalSection(SolutionProperties) = preSolution
		HideSolutionNode = FALSE
	EndGlobalSection
	GlobalSection(ExtensibilityGlobals) = postSolution
		SolutionGuid = {98C1D6FC-876D-4426-9E91-F0E94119C88F}
	EndGlobalSection
EndGlobal
